// !$*UTF8*$!
{
	archiveVersion = 1;
	classes = {
	};
	objectVersion = 50;
	objects = {

/* Begin PBXBuildFile section */
		9C287B1623286D8300A1AA06 /* AppDelegate.swift in Sources */ = {isa = PBXBuildFile; fileRef = 9C287B1523286D8300A1AA06 /* AppDelegate.swift */; };
		9C287B1823286D8300A1AA06 /* TipViewController.swift in Sources */ = {isa = PBXBuildFile; fileRef = 9C287B1723286D8300A1AA06 /* TipViewController.swift */; };
		9C287B1B23286D8300A1AA06 /* Main.storyboard in Resources */ = {isa = PBXBuildFile; fileRef = 9C287B1923286D8300A1AA06 /* Main.storyboard */; };
		9C287B1D23286D8400A1AA06 /* Assets.xcassets in Resources */ = {isa = PBXBuildFile; fileRef = 9C287B1C23286D8400A1AA06 /* Assets.xcassets */; };
		9C287B2023286D8400A1AA06 /* LaunchScreen.storyboard in Resources */ = {isa = PBXBuildFile; fileRef = 9C287B1E23286D8400A1AA06 /* LaunchScreen.storyboard */; };
		9C287B2B23286D8400A1AA06 /* TipperTests.swift in Sources */ = {isa = PBXBuildFile; fileRef = 9C287B2A23286D8400A1AA06 /* TipperTests.swift */; };
		9C287B3623286D8400A1AA06 /* TipperUITests.swift in Sources */ = {isa = PBXBuildFile; fileRef = 9C287B3523286D8400A1AA06 /* TipperUITests.swift */; };
		9CD6BC982337F99300FB8500 /* DiscountViewController.swift in Sources */ = {isa = PBXBuildFile; fileRef = 9CD6BC972337F99300FB8500 /* DiscountViewController.swift */; };
/* End PBXBuildFile section */

/* Begin PBXContainerItemProxy section */
		9C287B2723286D8400A1AA06 /* PBXContainerItemProxy */ = {
			isa = PBXContainerItemProxy;
			containerPortal = 9C287B0A23286D8300A1AA06 /* Project object */;
			proxyType = 1;
			remoteGlobalIDString = 9C287B1123286D8300A1AA06;
			remoteInfo = Tipper;
		};
		9C287B3223286D8400A1AA06 /* PBXContainerItemProxy */ = {
			isa = PBXContainerItemProxy;
			containerPortal = 9C287B0A23286D8300A1AA06 /* Project object */;
			proxyType = 1;
			remoteGlobalIDString = 9C287B1123286D8300A1AA06;
			remoteInfo = Tipper;
		};
/* End PBXContainerItemProxy section */

/* Begin PBXFileReference section */
		9C287B1223286D8300A1AA06 /* Tipper.app */ = {isa = PBXFileReference; explicitFileType = wrapper.application; includeInIndex = 0; path = Tipper.app; sourceTree = BUILT_PRODUCTS_DIR; };
		9C287B1523286D8300A1AA06 /* AppDelegate.swift */ = {isa = PBXFileReference; lastKnownFileType = sourcecode.swift; path = AppDelegate.swift; sourceTree = "<group>"; };
		9C287B1723286D8300A1AA06 /* TipViewController.swift */ = {isa = PBXFileReference; lastKnownFileType = sourcecode.swift; path = TipViewController.swift; sourceTree = "<group>"; };
		9C287B1A23286D8300A1AA06 /* Base */ = {isa = PBXFileReference; lastKnownFileType = file.storyboard; name = Base; path = Base.lproj/Main.storyboard; sourceTree = "<group>"; };
		9C287B1C23286D8400A1AA06 /* Assets.xcassets */ = {isa = PBXFileReference; lastKnownFileType = folder.assetcatalog; path = Assets.xcassets; sourceTree = "<group>"; };
		9C287B1F23286D8400A1AA06 /* Base */ = {isa = PBXFileReference; lastKnownFileType = file.storyboard; name = Base; path = Base.lproj/LaunchScreen.storyboard; sourceTree = "<group>"; };
		9C287B2123286D8400A1AA06 /* Info.plist */ = {isa = PBXFileReference; lastKnownFileType = text.plist.xml; path = Info.plist; sourceTree = "<group>"; };
		9C287B2623286D8400A1AA06 /* TipperTests.xctest */ = {isa = PBXFileReference; explicitFileType = wrapper.cfbundle; includeInIndex = 0; path = TipperTests.xctest; sourceTree = BUILT_PRODUCTS_DIR; };
		9C287B2A23286D8400A1AA06 /* TipperTests.swift */ = {isa = PBXFileReference; lastKnownFileType = sourcecode.swift; path = TipperTests.swift; sourceTree = "<group>"; };
		9C287B2C23286D8400A1AA06 /* Info.plist */ = {isa = PBXFileReference; lastKnownFileType = text.plist.xml; path = Info.plist; sourceTree = "<group>"; };
		9C287B3123286D8400A1AA06 /* TipperUITests.xctest */ = {isa = PBXFileReference; explicitFileType = wrapper.cfbundle; includeInIndex = 0; path = TipperUITests.xctest; sourceTree = BUILT_PRODUCTS_DIR; };
		9C287B3523286D8400A1AA06 /* TipperUITests.swift */ = {isa = PBXFileReference; lastKnownFileType = sourcecode.swift; path = TipperUITests.swift; sourceTree = "<group>"; };
		9C287B3723286D8400A1AA06 /* Info.plist */ = {isa = PBXFileReference; lastKnownFileType = text.plist.xml; path = Info.plist; sourceTree = "<group>"; };
		9CD6BC972337F99300FB8500 /* DiscountViewController.swift */ = {isa = PBXFileReference; lastKnownFileType = sourcecode.swift; path = DiscountViewController.swift; sourceTree = "<group>"; };
/* End PBXFileReference section */

/* Begin PBXFrameworksBuildPhase section */
		9C287B0F23286D8300A1AA06 /* Frameworks */ = {
			isa = PBXFrameworksBuildPhase;
			buildActionMask = 2147483647;
			files = (
			);
			runOnlyForDeploymentPostprocessing = 0;
		};
		9C287B2323286D8400A1AA06 /* Frameworks */ = {
			isa = PBXFrameworksBuildPhase;
			buildActionMask = 2147483647;
			files = (
			);
			runOnlyForDeploymentPostprocessing = 0;
		};
		9C287B2E23286D8400A1AA06 /* Frameworks */ = {
			isa = PBXFrameworksBuildPhase;
			buildActionMask = 2147483647;
			files = (
			);
			runOnlyForDeploymentPostprocessing = 0;
		};
/* End PBXFrameworksBuildPhase section */

/* Begin PBXGroup section */
		9C287B0923286D8300A1AA06 = {
			isa = PBXGroup;
			children = (
				9C287B1423286D8300A1AA06 /* Tipper */,
				9C287B2923286D8400A1AA06 /* TipperTests */,
				9C287B3423286D8400A1AA06 /* TipperUITests */,
				9C287B1323286D8300A1AA06 /* Products */,
				9C3ABC662331CAAA00E669C6 /* Frameworks */,
			);
			sourceTree = "<group>";
		};
		9C287B1323286D8300A1AA06 /* Products */ = {
			isa = PBXGroup;
			children = (
				9C287B1223286D8300A1AA06 /* Tipper.app */,
				9C287B2623286D8400A1AA06 /* TipperTests.xctest */,
				9C287B3123286D8400A1AA06 /* TipperUITests.xctest */,
			);
			name = Products;
			sourceTree = "<group>";
		};
		9C287B1423286D8300A1AA06 /* Tipper */ = {
			isa = PBXGroup;
			children = (
				9C287B1523286D8300A1AA06 /* AppDelegate.swift */,
				9C287B1723286D8300A1AA06 /* TipViewController.swift */,
				9CD6BC972337F99300FB8500 /* DiscountViewController.swift */,
				9C287B1923286D8300A1AA06 /* Main.storyboard */,
				9C287B1C23286D8400A1AA06 /* Assets.xcassets */,
				9C287B1E23286D8400A1AA06 /* LaunchScreen.storyboard */,
				9C287B2123286D8400A1AA06 /* Info.plist */,
			);
			path = Tipper;
			sourceTree = "<group>";
		};
		9C287B2923286D8400A1AA06 /* TipperTests */ = {
			isa = PBXGroup;
			children = (
				9C287B2A23286D8400A1AA06 /* TipperTests.swift */,
				9C287B2C23286D8400A1AA06 /* Info.plist */,
			);
			path = TipperTests;
			sourceTree = "<group>";
		};
		9C287B3423286D8400A1AA06 /* TipperUITests */ = {
			isa = PBXGroup;
			children = (
				9C287B3523286D8400A1AA06 /* TipperUITests.swift */,
				9C287B3723286D8400A1AA06 /* Info.plist */,
			);
			path = TipperUITests;
			sourceTree = "<group>";
		};
		9C3ABC662331CAAA00E669C6 /* Frameworks */ = {
			isa = PBXGroup;
			children = (
			);
			name = Frameworks;
			sourceTree = "<group>";
		};
/* End PBXGroup section */

/* Begin PBXNativeTarget section */
		9C287B1123286D8300A1AA06 /* Tipper */ = {
			isa = PBXNativeTarget;
			buildConfigurationList = 9C287B3A23286D8400A1AA06 /* Build configuration list for PBXNativeTarget "Tipper" */;
			buildPhases = (
				9C287B0E23286D8300A1AA06 /* Sources */,
				9C287B0F23286D8300A1AA06 /* Frameworks */,
				9C287B1023286D8300A1AA06 /* Resources */,
			);
			buildRules = (
			);
			dependencies = (
			);
			name = Tipper;
			productName = Tipper;
			productReference = 9C287B1223286D8300A1AA06 /* Tipper.app */;
			productType = "com.apple.product-type.application";
		};
		9C287B2523286D8400A1AA06 /* TipperTests */ = {
			isa = PBXNativeTarget;
			buildConfigurationList = 9C287B3D23286D8400A1AA06 /* Build configuration list for PBXNativeTarget "TipperTests" */;
			buildPhases = (
				9C287B2223286D8400A1AA06 /* Sources */,
				9C287B2323286D8400A1AA06 /* Frameworks */,
				9C287B2423286D8400A1AA06 /* Resources */,
			);
			buildRules = (
			);
			dependencies = (
				9C287B2823286D8400A1AA06 /* PBXTargetDependency */,
			);
			name = TipperTests;
			productName = TipperTests;
			productReference = 9C287B2623286D8400A1AA06 /* TipperTests.xctest */;
			productType = "com.apple.product-type.bundle.unit-test";
		};
		9C287B3023286D8400A1AA06 /* TipperUITests */ = {
			isa = PBXNativeTarget;
			buildConfigurationList = 9C287B4023286D8400A1AA06 /* Build configuration list for PBXNativeTarget "TipperUITests" */;
			buildPhases = (
				9C287B2D23286D8400A1AA06 /* Sources */,
				9C287B2E23286D8400A1AA06 /* Frameworks */,
				9C287B2F23286D8400A1AA06 /* Resources */,
			);
			buildRules = (
			);
			dependencies = (
				9C287B3323286D8400A1AA06 /* PBXTargetDependency */,
			);
			name = TipperUITests;
			productName = TipperUITests;
			productReference = 9C287B3123286D8400A1AA06 /* TipperUITests.xctest */;
			productType = "com.apple.product-type.bundle.ui-testing";
		};
/* End PBXNativeTarget section */

/* Begin PBXProject section */
		9C287B0A23286D8300A1AA06 /* Project object */ = {
			isa = PBXProject;
			attributes = {
				LastSwiftUpdateCheck = 1030;
				LastUpgradeCheck = 1030;
				ORGANIZATIONNAME = "Hakan Turgut";
				TargetAttributes = {
					9C287B1123286D8300A1AA06 = {
						CreatedOnToolsVersion = 10.3;
						SystemCapabilities = {
							com.apple.InAppPurchase = {
								enabled = 0;
							};
						};
					};
					9C287B2523286D8400A1AA06 = {
						CreatedOnToolsVersion = 10.3;
						TestTargetID = 9C287B1123286D8300A1AA06;
					};
					9C287B3023286D8400A1AA06 = {
						CreatedOnToolsVersion = 10.3;
						TestTargetID = 9C287B1123286D8300A1AA06;
					};
				};
			};
			buildConfigurationList = 9C287B0D23286D8300A1AA06 /* Build configuration list for PBXProject "Tipper" */;
			compatibilityVersion = "Xcode 9.3";
			developmentRegion = en;
			hasScannedForEncodings = 0;
			knownRegions = (
				en,
				Base,
			);
			mainGroup = 9C287B0923286D8300A1AA06;
			productRefGroup = 9C287B1323286D8300A1AA06 /* Products */;
			projectDirPath = "";
			projectRoot = "";
			targets = (
				9C287B1123286D8300A1AA06 /* Tipper */,
				9C287B2523286D8400A1AA06 /* TipperTests */,
				9C287B3023286D8400A1AA06 /* TipperUITests */,
			);
		};
/* End PBXProject section */

/* Begin PBXResourcesBuildPhase section */
		9C287B1023286D8300A1AA06 /* Resources */ = {
			isa = PBXResourcesBuildPhase;
			buildActionMask = 2147483647;
			files = (
				9C287B2023286D8400A1AA06 /* LaunchScreen.storyboard in Resources */,
				9C287B1D23286D8400A1AA06 /* Assets.xcassets in Resources */,
				9C287B1B23286D8300A1AA06 /* Main.storyboard in Resources */,
			);
			runOnlyForDeploymentPostprocessing = 0;
		};
		9C287B2423286D8400A1AA06 /* Resources */ = {
			isa = PBXResourcesBuildPhase;
			buildActionMask = 2147483647;
			files = (
			);
			runOnlyForDeploymentPostprocessing = 0;
		};
		9C287B2F23286D8400A1AA06 /* Resources */ = {
			isa = PBXResourcesBuildPhase;
			buildActionMask = 2147483647;
			files = (
			);
			runOnlyForDeploymentPostprocessing = 0;
		};
/* End PBXResourcesBuildPhase section */

/* Begin PBXSourcesBuildPhase section */
		9C287B0E23286D8300A1AA06 /* Sources */ = {
			isa = PBXSourcesBuildPhase;
			buildActionMask = 2147483647;
			files = (
				9C287B1823286D8300A1AA06 /* TipViewController.swift in Sources */,
				9CD6BC982337F99300FB8500 /* DiscountViewController.swift in Sources */,
				9C287B1623286D8300A1AA06 /* AppDelegate.swift in Sources */,
			);
			runOnlyForDeploymentPostprocessing = 0;
		};
		9C287B2223286D8400A1AA06 /* Sources */ = {
			isa = PBXSourcesBuildPhase;
			buildActionMask = 2147483647;
			files = (
				9C287B2B23286D8400A1AA06 /* TipperTests.swift in Sources */,
			);
			runOnlyForDeploymentPostprocessing = 0;
		};
		9C287B2D23286D8400A1AA06 /* Sources */ = {
			isa = PBXSourcesBuildPhase;
			buildActionMask = 2147483647;
			files = (
				9C287B3623286D8400A1AA06 /* TipperUITests.swift in Sources */,
			);
			runOnlyForDeploymentPostprocessing = 0;
		};
/* End PBXSourcesBuildPhase section */

/* Begin PBXTargetDependency section */
		9C287B2823286D8400A1AA06 /* PBXTargetDependency */ = {
			isa = PBXTargetDependency;
			target = 9C287B1123286D8300A1AA06 /* Tipper */;
			targetProxy = 9C287B2723286D8400A1AA06 /* PBXContainerItemProxy */;
		};
		9C287B3323286D8400A1AA06 /* PBXTargetDependency */ = {
			isa = PBXTargetDependency;
			target = 9C287B1123286D8300A1AA06 /* Tipper */;
			targetProxy = 9C287B3223286D8400A1AA06 /* PBXContainerItemProxy */;
		};
/* End PBXTargetDependency section */

/* Begin PBXVariantGroup section */
		9C287B1923286D8300A1AA06 /* Main.storyboard */ = {
			isa = PBXVariantGroup;
			children = (
				9C287B1A23286D8300A1AA06 /* Base */,
			);
			name = Main.storyboard;
			sourceTree = "<group>";
		};
		9C287B1E23286D8400A1AA06 /* LaunchScreen.storyboard */ = {
			isa = PBXVariantGroup;
			children = (
				9C287B1F23286D8400A1AA06 /* Base */,
			);
			name = LaunchScreen.storyboard;
			sourceTree = "<group>";
		};
/* End PBXVariantGroup section */

/* Begin XCBuildConfiguration section */
		9C287B3823286D8400A1AA06 /* Debug */ = {
			isa = XCBuildConfiguration;
			buildSettings = {
				ALWAYS_SEARCH_USER_PATHS = NO;
				CLANG_ANALYZER_NONNULL = YES;
				CLANG_ANALYZER_NUMBER_OBJECT_CONVERSION = YES_AGGRESSIVE;
				CLANG_CXX_LANGUAGE_STANDARD = "gnu++14";
				CLANG_CXX_LIBRARY = "libc++";
				CLANG_ENABLE_MODULES = YES;
				CLANG_ENABLE_OBJC_ARC = YES;
				CLANG_ENABLE_OBJC_WEAK = YES;
				CLANG_WARN_BLOCK_CAPTURE_AUTORELEASING = YES;
				CLANG_WARN_BOOL_CONVERSION = YES;
				CLANG_WARN_COMMA = YES;
				CLANG_WARN_CONSTANT_CONVERSION = YES;
				CLANG_WARN_DEPRECATED_OBJC_IMPLEMENTATIONS = YES;
				CLANG_WARN_DIRECT_OBJC_ISA_USAGE = YES_ERROR;
				CLANG_WARN_DOCUMENTATION_COMMENTS = YES;
				CLANG_WARN_EMPTY_BODY = YES;
				CLANG_WARN_ENUM_CONVERSION = YES;
				CLANG_WARN_INFINITE_RECURSION = YES;
				CLANG_WARN_INT_CONVERSION = YES;
				CLANG_WARN_NON_LITERAL_NULL_CONVERSION = YES;
				CLANG_WARN_OBJC_IMPLICIT_RETAIN_SELF = YES;
				CLANG_WARN_OBJC_LITERAL_CONVERSION = YES;
				CLANG_WARN_OBJC_ROOT_CLASS = YES_ERROR;
				CLANG_WARN_RANGE_LOOP_ANALYSIS = YES;
				CLANG_WARN_STRICT_PROTOTYPES = YES;
				CLANG_WARN_SUSPICIOUS_MOVE = YES;
				CLANG_WARN_UNGUARDED_AVAILABILITY = YES_AGGRESSIVE;
				CLANG_WARN_UNREACHABLE_CODE = YES;
				CLANG_WARN__DUPLICATE_METHOD_MATCH = YES;
				CODE_SIGN_IDENTITY = "iPhone Developer";
				COPY_PHASE_STRIP = NO;
				DEBUG_INFORMATION_FORMAT = dwarf;
				ENABLE_STRICT_OBJC_MSGSEND = YES;
				ENABLE_TESTABILITY = YES;
				GCC_C_LANGUAGE_STANDARD = gnu11;
				GCC_DYNAMIC_NO_PIC = NO;
				GCC_NO_COMMON_BLOCKS = YES;
				GCC_OPTIMIZATION_LEVEL = 0;
				GCC_PREPROCESSOR_DEFINITIONS = (
					"DEBUG=1",
					"$(inherited)",
				);
				GCC_WARN_64_TO_32_BIT_CONVERSION = YES;
				GCC_WARN_ABOUT_RETURN_TYPE = YES_ERROR;
				GCC_WARN_UNDECLARED_SELECTOR = YES;
				GCC_WARN_UNINITIALIZED_AUTOS = YES_AGGRESSIVE;
				GCC_WARN_UNUSED_FUNCTION = YES;
				GCC_WARN_UNUSED_VARIABLE = YES;
				IPHONEOS_DEPLOYMENT_TARGET = 12.4;
				MTL_ENABLE_DEBUG_INFO = INCLUDE_SOURCE;
				MTL_FAST_MATH = YES;
				ONLY_ACTIVE_ARCH = YES;
				SDKROOT = iphoneos;
				SWIFT_ACTIVE_COMPILATION_CONDITIONS = DEBUG;
				SWIFT_OPTIMIZATION_LEVEL = "-Onone";
			};
			name = Debug;
		};
		9C287B3923286D8400A1AA06 /* Release */ = {
			isa = XCBuildConfiguration;
			buildSettings = {
				ALWAYS_SEARCH_USER_PATHS = NO;
				CLANG_ANALYZER_NONNULL = YES;
				CLANG_ANALYZER_NUMBER_OBJECT_CONVERSION = YES_AGGRESSIVE;
				CLANG_CXX_LANGUAGE_STANDARD = "gnu++14";
				CLANG_CXX_LIBRARY = "libc++";
				CLANG_ENABLE_MODULES = YES;
				CLANG_ENABLE_OBJC_ARC = YES;
				CLANG_ENABLE_OBJC_WEAK = YES;
				CLANG_WARN_BLOCK_CAPTURE_AUTORELEASING = YES;
				CLANG_WARN_BOOL_CONVERSION = YES;
				CLANG_WARN_COMMA = YES;
				CLANG_WARN_CONSTANT_CONVERSION = YES;
				CLANG_WARN_DEPRECATED_OBJC_IMPLEMENTATIONS = YES;
				CLANG_WARN_DIRECT_OBJC_ISA_USAGE = YES_ERROR;
				CLANG_WARN_DOCUMENTATION_COMMENTS = YES;
				CLANG_WARN_EMPTY_BODY = YES;
				CLANG_WARN_ENUM_CONVERSION = YES;
				CLANG_WARN_INFINITE_RECURSION = YES;
				CLANG_WARN_INT_CONVERSION = YES;
				CLANG_WARN_NON_LITERAL_NULL_CONVERSION = YES;
				CLANG_WARN_OBJC_IMPLICIT_RETAIN_SELF = YES;
				CLANG_WARN_OBJC_LITERAL_CONVERSION = YES;
				CLANG_WARN_OBJC_ROOT_CLASS = YES_ERROR;
				CLANG_WARN_RANGE_LOOP_ANALYSIS = YES;
				CLANG_WARN_STRICT_PROTOTYPES = YES;
				CLANG_WARN_SUSPICIOUS_MOVE = YES;
				CLANG_WARN_UNGUARDED_AVAILABILITY = YES_AGGRESSIVE;
				CLANG_WARN_UNREACHABLE_CODE = YES;
				CLANG_WARN__DUPLICATE_METHOD_MATCH = YES;
				CODE_SIGN_IDENTITY = "iPhone Developer";
				COPY_PHASE_STRIP = NO;
				DEBUG_INFORMATION_FORMAT = "dwarf-with-dsym";
				ENABLE_NS_ASSERTIONS = NO;
				ENABLE_STRICT_OBJC_MSGSEND = YES;
				GCC_C_LANGUAGE_STANDARD = gnu11;
				GCC_NO_COMMON_BLOCKS = YES;
				GCC_WARN_64_TO_32_BIT_CONVERSION = YES;
				GCC_WARN_ABOUT_RETURN_TYPE = YES_ERROR;
				GCC_WARN_UNDECLARED_SELECTOR = YES;
				GCC_WARN_UNINITIALIZED_AUTOS = YES_AGGRESSIVE;
				GCC_WARN_UNUSED_FUNCTION = YES;
				GCC_WARN_UNUSED_VARIABLE = YES;
				IPHONEOS_DEPLOYMENT_TARGET = 12.4;
				MTL_ENABLE_DEBUG_INFO = NO;
				MTL_FAST_MATH = YES;
				SDKROOT = iphoneos;
				SWIFT_COMPILATION_MODE = wholemodule;
				SWIFT_OPTIMIZATION_LEVEL = "-O";
				VALIDATE_PRODUCT = YES;
			};
			name = Release;
		};
		9C287B3B23286D8400A1AA06 /* Debug */ = {
			isa = XCBuildConfiguration;
			buildSettings = {
				ASSETCATALOG_COMPILER_APPICON_NAME = AppIcon;
				CODE_SIGN_STYLE = Automatic;
				DEVELOPMENT_TEAM = 5ZTJPLBS9M;
				INFOPLIST_FILE = Tipper/Info.plist;
				LD_RUNPATH_SEARCH_PATHS = (
					"$(inherited)",
					"@executable_path/Frameworks",
				);
				PRODUCT_BUNDLE_IDENTIFIER = com.HakanTurgut.Tipper;
				PRODUCT_NAME = "$(TARGET_NAME)";
				SWIFT_VERSION = 5.0;
				TARGETED_DEVICE_FAMILY = "1,2";
			};
			name = Debug;
		};
		9C287B3C23286D8400A1AA06 /* Release */ = {
			isa = XCBuildConfiguration;
			buildSettings = {
				ASSETCATALOG_COMPILER_APPICON_NAME = AppIcon;
				CODE_SIGN_STYLE = Automatic;
				DEVELOPMENT_TEAM = 5ZTJPLBS9M;
				INFOPLIST_FILE = Tipper/Info.plist;
				LD_RUNPATH_SEARCH_PATHS = (
					"$(inherited)",
					"@executable_path/Frameworks",
				);
				PRODUCT_BUNDLE_IDENTIFIER = com.HakanTurgut.Tipper;
				PRODUCT_NAME = "$(TARGET_NAME)";
				SWIFT_VERSION = 5.0;
				TARGETED_DEVICE_FAMILY = "1,2";
			};
			name = Release;
		};
		9C287B3E23286D8400A1AA06 /* Debug */ = {
			isa = XCBuildConfiguration;
			buildSettings = {
				ALWAYS_EMBED_SWIFT_STANDARD_LIBRARIES = YES;
				BUNDLE_LOADER = "$(TEST_HOST)";
				CODE_SIGN_STYLE = Automatic;
				INFOPLIST_FILE = TipperTests/Info.plist;
				LD_RUNPATH_SEARCH_PATHS = (
					"$(inherited)",
					"@executable_path/Frameworks",
					"@loader_path/Frameworks",
				);
				PRODUCT_BUNDLE_IDENTIFIER = HakanTurgut.TipperTests;
				PRODUCT_NAME = "$(TARGET_NAME)";
				SWIFT_VERSION = 5.0;
				TARGETED_DEVICE_FAMILY = "1,2";
				TEST_HOST = "$(BUILT_PRODUCTS_DIR)/Tipper.app/Tipper";
			};
			name = Debug;
		};
		9C287B3F23286D8400A1AA06 /* Release */ = {
			isa = XCBuildConfiguration;
			buildSettings = {
				ALWAYS_EMBED_SWIFT_STANDARD_LIBRARIES = YES;
				BUNDLE_LOADER = "$(TEST_HOST)";
				CODE_SIGN_STYLE = Automatic;
				INFOPLIST_FILE = TipperTests/Info.plist;
				LD_RUNPATH_SEARCH_PATHS = (
					"$(inherited)",
					"@executable_path/Frameworks",
					"@loader_path/Frameworks",
				);
				PRODUCT_BUNDLE_IDENTIFIER = HakanTurgut.TipperTests;
				PRODUCT_NAME = "$(TARGET_NAME)";
				SWIFT_VERSION = 5.0;
				TARGETED_DEVICE_FAMILY = "1,2";
				TEST_HOST = "$(BUILT_PRODUCTS_DIR)/Tipper.app/Tipper";
			};
			name = Release;
		};
		9C287B4123286D8400A1AA06 /* Debug */ = {
			isa = XCBuildConfiguration;
			buildSettings = {
				ALWAYS_EMBED_SWIFT_STANDARD_LIBRARIES = YES;
				CODE_SIGN_STYLE = Automatic;
				INFOPLIST_FILE = TipperUITests/Info.plist;
				LD_RUNPATH_SEARCH_PATHS = (
					"$(inherited)",
					"@executable_path/Frameworks",
					"@loader_path/Frameworks",
				);
				PRODUCT_BUNDLE_IDENTIFIER = HakanTurgut.TipperUITests;
				PRODUCT_NAME = "$(TARGET_NAME)";
				SWIFT_VERSION = 5.0;
				TARGETED_DEVICE_FAMILY = "1,2";
				TEST_TARGET_NAME = Tipper;
			};
			name = Debug;
		};
		9C287B4223286D8400A1AA06 /* Release */ = {
			isa = XCBuildConfiguration;
			buildSettings = {
				ALWAYS_EMBED_SWIFT_STANDARD_LIBRARIES = YES;
				CODE_SIGN_STYLE = Automatic;
				INFOPLIST_FILE = TipperUITests/Info.plist;
				LD_RUNPATH_SEARCH_PATHS = (
					"$(inherited)",
					"@executable_path/Frameworks",
					"@loader_path/Frameworks",
				);
				PRODUCT_BUNDLE_IDENTIFIER = HakanTurgut.TipperUITests;
				PRODUCT_NAME = "$(TARGET_NAME)";
				SWIFT_VERSION = 5.0;
				TARGETED_DEVICE_FAMILY = "1,2";
				TEST_TARGET_NAME = Tipper;
			};
			name = Release;
		};
/* End XCBuildConfiguration section */

/* Begin XCConfigurationList section */
		9C287B0D23286D8300A1AA06 /* Build configuration list for PBXProject "Tipper" */ = {
			isa = XCConfigurationList;
			buildConfigurations = (
				9C287B3823286D8400A1AA06 /* Debug */,
				9C287B3923286D8400A1AA06 /* Release */,
			);
			defaultConfigurationIsVisible = 0;
			defaultConfigurationName = Release;
		};
		9C287B3A23286D8400A1AA06 /* Build configuration list for PBXNativeTarget "Tipper" */ = {
			isa = XCConfigurationList;
			buildConfigurations = (
				9C287B3B23286D8400A1AA06 /* Debug */,
				9C287B3C23286D8400A1AA06 /* Release */,
			);
			defaultConfigurationIsVisible = 0;
			defaultConfigurationName = Release;
		};
		9C287B3D23286D8400A1AA06 /* Build configuration list for PBXNativeTarget "TipperTests" */ = {
			isa = XCConfigurationList;
			buildConfigurations = (
				9C287B3E23286D8400A1AA06 /* Debug */,
				9C287B3F23286D8400A1AA06 /* Release */,
			);
			defaultConfigurationIsVisible = 0;
			defaultConfigurationName = Release;
		};
		9C287B4023286D8400A1AA06 /* Build configuration list for PBXNativeTarget "TipperUITests" */ = {
			isa = XCConfigurationList;
			buildConfigurations = (
				9C287B4123286D8400A1AA06 /* Debug */,
				9C287B4223286D8400A1AA06 /* Release */,
			);
			defaultConfigurationIsVisible = 0;
			defaultConfigurationName = Release;
		};
/* End XCConfigurationList section */
	};
	rootObject = 9C287B0A23286D8300A1AA06 /* Project object */;
}
